
Microsoft Visual Studio Solution File, Format Version 12.00
# Visual Studio Version 16
VisualStudioVersion = 16.0.30621.155
MinimumVisualStudioVersion = 10.0.40219.1
Project("{FAE04EC0-301F-11D3-BF4B-00C04F79EFBC}") = "BS3SimpleModder", "BS3SimpleModder.csproj", "{7AF14A5E-F119-4EDA-A7A0-A7C8B554BCAA}"
EndProject
Global
	GlobalSection(SolutionConfigurationPlatforms) = preSolution
		Debug|Any CPU = Debug|Any CPU
		Release|Any CPU = Release|Any CPU
	EndGlobalSection
	GlobalSection(ProjectConfigurationPlatforms) = postSolution
		{7AF14A5E-F119-4EDA-A7A0-A7C8B554BCAA}.Debug|Any CPU.ActiveCfg = Debug|Any CPU
		{7AF14A5E-F119-4EDA-A7A0-A7C8B554BCAA}.Debug|Any CPU.Build.0 = Debug|Any CPU
		{7AF14A5E-F119-4EDA-A7A0-A7C8B554BCAA}.Release|Any CPU.ActiveCfg = Release|Any CPU
		{7AF14A5E-F119-4EDA-A7A0-A7C8B554BCAA}.Release|Any CPU.Build.0 = Release|Any CPU
	EndGlobalSection
	GlobalSection(SolutionProperties) = preSolution
		HideSolutionNode = FALSE
	EndGlobalSection
	GlobalSection(ExtensibilityGlobals) = postSolution
		SolutionGuid = {852D5417-2BE1-4C0A-B28A-779E8360CF72}
	EndGlobalSection
EndGlobal
